PODS:
  - GPUImage (0.1.7)
  - Masonry (1.1.0)
  - TZImagePickerController (3.5.8)

DEPENDENCIES:
  - GPUImage
  - Masonry
  - TZImagePickerController

SPEC REPOS:
  trunk:
    - GPUImage
    - Masonry
    - TZImagePickerController

SPEC CHECKSUMS:
  GPUImage: 733a5f0fab92df9de1c37ba9df520a833ccb406d
  Masonry: 678fab65091a9290e40e2832a55e7ab731aad201
  TZImagePickerController: 7fd9702897ef8c0b7c951e5463f4bcf398296f9e

PODFILE CHECKSUM: bdd8d1b59237a833c73bad52290ace0e66220187

COCOAPODS: 1.10.0
