// !$*UTF8*$!
{
	archiveVersion = 1;
	classes = {
	};
	objectVersion = 51;
	objects = {

/* Begin PBXBuildFile section */
		4CE9461A2600EE0100246BFB /* PTImageEffectManager.m in Sources */ = {isa = PBXBuildFile; fileRef = 4CE946192600EE0100246BFB /* PTImageEffectManager.m */; };
		8622AC8E25FF66880047AB11 /* AppDelegate.m in Sources */ = {isa = PBXBuildFile; fileRef = 8622AC8D25FF66880047AB11 /* AppDelegate.m */; };
		8622AC9425FF66880047AB11 /* ViewController.m in Sources */ = {isa = PBXBuildFile; fileRef = 8622AC9325FF66880047AB11 /* ViewController.m */; };
		8622AC9725FF66880047AB11 /* Main.storyboard in Resources */ = {isa = PBXBuildFile; fileRef = 8622AC9525FF66880047AB11 /* Main.storyboard */; };
		8622AC9925FF66890047AB11 /* Assets.xcassets in Resources */ = {isa = PBXBuildFile; fileRef = 8622AC9825FF66890047AB11 /* Assets.xcassets */; };
		8622AC9C25FF66890047AB11 /* LaunchScreen.storyboard in Resources */ = {isa = PBXBuildFile; fileRef = 8622AC9A25FF66890047AB11 /* LaunchScreen.storyboard */; };
		8622AC9F25FF66890047AB11 /* main.m in Sources */ = {isa = PBXBuildFile; fileRef = 8622AC9E25FF66890047AB11 /* main.m */; };
		8673933B25FF703400C13B07 /* PTImageEditViewController.m in Sources */ = {isa = PBXBuildFile; fileRef = 8673933A25FF703400C13B07 /* PTImageEditViewController.m */; };
		8673944A2600B3F800C13B07 /* TYCyclePagerViewCell.m in Sources */ = {isa = PBXBuildFile; fileRef = 867394482600B3F800C13B07 /* TYCyclePagerViewCell.m */; };
		867472FB2671FA0600293516 /* camra_beauty@3x.png in Resources */ = {isa = PBXBuildFile; fileRef = 867472F32671FA0600293516 /* camra_beauty@3x.png */; };
		867472FC2671FA0600293516 /* camra_beauty@2x.png in Resources */ = {isa = PBXBuildFile; fileRef = 867472F42671FA0600293516 /* camra_beauty@2x.png */; };
		867472FD2671FA0600293516 /* camra_beauty_close@3x.png in Resources */ = {isa = PBXBuildFile; fileRef = 867472F52671FA0600293516 /* camra_beauty_close@3x.png */; };
		867472FE2671FA0600293516 /* camra_beauty_close@2x.png in Resources */ = {isa = PBXBuildFile; fileRef = 867472F62671FA0600293516 /* camra_beauty_close@2x.png */; };
		867472FF2671FA0600293516 /* close_preview@3x.png in Resources */ = {isa = PBXBuildFile; fileRef = 867472F72671FA0600293516 /* close_preview@3x.png */; };
		867473002671FA0600293516 /* close_preview@2x.png in Resources */ = {isa = PBXBuildFile; fileRef = 867472F82671FA0600293516 /* close_preview@2x.png */; };
		867473012671FA0600293516 /* camra_preview@2x.png in Resources */ = {isa = PBXBuildFile; fileRef = 867472F92671FA0600293516 /* camra_preview@2x.png */; };
		867473022671FA0600293516 /* camra_preview@3x.png in Resources */ = {isa = PBXBuildFile; fileRef = 867472FA2671FA0600293516 /* camra_preview@3x.png */; };
		868EADF92608910F00EDACC5 /* PTGPUImageSketchFilter.m in Sources */ = {isa = PBXBuildFile; fileRef = 868EADF82608910F00EDACC5 /* PTGPUImageSketchFilter.m */; };
		86AD373A2671EFA3001C5933 /* LFLiveVideoConfiguration.m in Sources */ = {isa = PBXBuildFile; fileRef = 86AD35962671EFA2001C5933 /* LFLiveVideoConfiguration.m */; };
		86AD373B2671EFA3001C5933 /* LFLiveAudioConfiguration.m in Sources */ = {isa = PBXBuildFile; fileRef = 86AD35972671EFA2001C5933 /* LFLiveAudioConfiguration.m */; };
		86AD373C2671EFA3001C5933 /* LFVideoCapture.m in Sources */ = {isa = PBXBuildFile; fileRef = 86AD359A2671EFA2001C5933 /* LFVideoCapture.m */; };
		86AD373D2671EFA3001C5933 /* LFAudioCapture.m in Sources */ = {isa = PBXBuildFile; fileRef = 86AD359D2671EFA2001C5933 /* LFAudioCapture.m */; };
		86AD373E2671EFA3001C5933 /* LFAudioFrame.m in Sources */ = {isa = PBXBuildFile; fileRef = 86AD35A22671EFA2001C5933 /* LFAudioFrame.m */; };
		86AD373F2671EFA3001C5933 /* LFLiveStreamInfo.m in Sources */ = {isa = PBXBuildFile; fileRef = 86AD35A32671EFA2001C5933 /* LFLiveStreamInfo.m */; };
		86AD37402671EFA3001C5933 /* LFVideoFrame.m in Sources */ = {isa = PBXBuildFile; fileRef = 86AD35A52671EFA2001C5933 /* LFVideoFrame.m */; };
		86AD37412671EFA3001C5933 /* LFLiveDebug.m in Sources */ = {isa = PBXBuildFile; fileRef = 86AD35A62671EFA2001C5933 /* LFLiveDebug.m */; };
		86AD37422671EFA3001C5933 /* LFFrame.m in Sources */ = {isa = PBXBuildFile; fileRef = 86AD35A92671EFA2001C5933 /* LFFrame.m */; };
		86AD37432671EFA3001C5933 /* LFLiveSession.m in Sources */ = {isa = PBXBuildFile; fileRef = 86AD35AA2671EFA2001C5933 /* LFLiveSession.m */; };
		86AD37442671EFA3001C5933 /* NSMutableArray+LFAdd.m in Sources */ = {isa = PBXBuildFile; fileRef = 86AD35AD2671EFA2001C5933 /* NSMutableArray+LFAdd.m */; };
		86AD37452671EFA3001C5933 /* LFStreamRtmpSocket.m in Sources */ = {isa = PBXBuildFile; fileRef = 86AD35AF2671EFA2001C5933 /* LFStreamRtmpSocket.m */; };
		86AD37462671EFA3001C5933 /* LFStreamingBuffer.m in Sources */ = {isa = PBXBuildFile; fileRef = 86AD35B22671EFA2001C5933 /* LFStreamingBuffer.m */; };
		86AD37472671EFA3001C5933 /* LFGPUImageBeautyFilter.m in Sources */ = {isa = PBXBuildFile; fileRef = 86AD35B52671EFA2001C5933 /* LFGPUImageBeautyFilter.m */; };
		86AD37482671EFA3001C5933 /* LFGPUImageEmptyFilter.m in Sources */ = {isa = PBXBuildFile; fileRef = 86AD35B72671EFA2001C5933 /* LFGPUImageEmptyFilter.m */; };
		86AD37492671EFA3001C5933 /* LFHardwareAudioEncoder.m in Sources */ = {isa = PBXBuildFile; fileRef = 86AD35BB2671EFA2001C5933 /* LFHardwareAudioEncoder.m */; };
		86AD374A2671EFA3001C5933 /* LFH264VideoEncoder.mm in Sources */ = {isa = PBXBuildFile; fileRef = 86AD35BC2671EFA2001C5933 /* LFH264VideoEncoder.mm */; };
		86AD374B2671EFA3001C5933 /* LFMP4Atom.m in Sources */ = {isa = PBXBuildFile; fileRef = 86AD35BF2671EFA2001C5933 /* LFMP4Atom.m */; };
		86AD374C2671EFA3001C5933 /* LFNALUnit.cpp in Sources */ = {isa = PBXBuildFile; fileRef = 86AD35C12671EFA2001C5933 /* LFNALUnit.cpp */; };
		86AD374D2671EFA3001C5933 /* LFVideoEncoder.m in Sources */ = {isa = PBXBuildFile; fileRef = 86AD35C22671EFA2001C5933 /* LFVideoEncoder.m */; };
		86AD374E2671EFA3001C5933 /* LFAVEncoder.mm in Sources */ = {isa = PBXBuildFile; fileRef = 86AD35C52671EFA2001C5933 /* LFAVEncoder.mm */; };
		86AD374F2671EFA3001C5933 /* LFHardwareVideoEncoder.m in Sources */ = {isa = PBXBuildFile; fileRef = 86AD35C92671EFA2001C5933 /* LFHardwareVideoEncoder.m */; };
		86AD3A1D2671F20F001C5933 /* log.c in Sources */ = {isa = PBXBuildFile; fileRef = 86AD39612671F20F001C5933 /* log.c */; };
		86AD3A1E2671F20F001C5933 /* hashswf.c in Sources */ = {isa = PBXBuildFile; fileRef = 86AD39682671F20F001C5933 /* hashswf.c */; };
		86AD3A1F2671F20F001C5933 /* rtmp.c in Sources */ = {isa = PBXBuildFile; fileRef = 86AD39692671F20F001C5933 /* rtmp.c */; };
		86AD3A202671F20F001C5933 /* error.c in Sources */ = {isa = PBXBuildFile; fileRef = 86AD396B2671F20F001C5933 /* error.c */; };
		86AD3A212671F20F001C5933 /* parseurl.c in Sources */ = {isa = PBXBuildFile; fileRef = 86AD396E2671F20F001C5933 /* parseurl.c */; };
		86AD3A222671F20F001C5933 /* amf.c in Sources */ = {isa = PBXBuildFile; fileRef = 86AD396F2671F20F001C5933 /* amf.c */; };
		86AD3A282671F50A001C5933 /* LMLivePreview.m in Sources */ = {isa = PBXBuildFile; fileRef = 86AD3A262671F50A001C5933 /* LMLivePreview.m */; };
		86AD3A2E2671F57C001C5933 /* UIView+YYAdd.m in Sources */ = {isa = PBXBuildFile; fileRef = 86AD3A2B2671F57C001C5933 /* UIView+YYAdd.m */; };
		86AD3A2F2671F57C001C5933 /* UIControl+YYAdd.m in Sources */ = {isa = PBXBuildFile; fileRef = 86AD3A2C2671F57C001C5933 /* UIControl+YYAdd.m */; };
		86AD3A322671F5C4001C5933 /* PTPushLiveViewController.m in Sources */ = {isa = PBXBuildFile; fileRef = 86AD3A312671F5C4001C5933 /* PTPushLiveViewController.m */; };
		86D04CFF2601A04E00D1E776 /* PTImageProcessController.m in Sources */ = {isa = PBXBuildFile; fileRef = 86D04CFE2601A04E00D1E776 /* PTImageProcessController.m */; };
		86D04D032601E90200D1E776 /* PTColorProcessController.m in Sources */ = {isa = PBXBuildFile; fileRef = 86D04D022601E90200D1E776 /* PTColorProcessController.m */; };
		86D4109526032C6400CF120F /* PTCustomFilterController.m in Sources */ = {isa = PBXBuildFile; fileRef = 86D4109426032C6400CF120F /* PTCustomFilterController.m */; };
		86D4109A26034E2500CF120F /* PTGPUImage3DFilter.m in Sources */ = {isa = PBXBuildFile; fileRef = 86D4109926034E2500CF120F /* PTGPUImage3DFilter.m */; };
		B604D76C73FF27214C670E0A /* Pods_GPUImageDemo.framework in Frameworks */ = {isa = PBXBuildFile; fileRef = BCD267910E906936B07F161B /* Pods_GPUImageDemo.framework */; };
/* End PBXBuildFile section */

/* Begin PBXFileReference section */
		4CE946182600EE0100246BFB /* PTImageEffectManager.h */ = {isa = PBXFileReference; lastKnownFileType = sourcecode.c.h; path = PTImageEffectManager.h; sourceTree = "<group>"; };
		4CE946192600EE0100246BFB /* PTImageEffectManager.m */ = {isa = PBXFileReference; lastKnownFileType = sourcecode.c.objc; path = PTImageEffectManager.m; sourceTree = "<group>"; };
		55B32804385010216EBACC50 /* Pods-GPUImageDemo.release.xcconfig */ = {isa = PBXFileReference; includeInIndex = 1; lastKnownFileType = text.xcconfig; name = "Pods-GPUImageDemo.release.xcconfig"; path = "Target Support Files/Pods-GPUImageDemo/Pods-GPUImageDemo.release.xcconfig"; sourceTree = "<group>"; };
		8622AC8925FF66880047AB11 /* GPUImageDemo.app */ = {isa = PBXFileReference; explicitFileType = wrapper.application; includeInIndex = 0; path = GPUImageDemo.app; sourceTree = BUILT_PRODUCTS_DIR; };
		8622AC8C25FF66880047AB11 /* AppDelegate.h */ = {isa = PBXFileReference; lastKnownFileType = sourcecode.c.h; path = AppDelegate.h; sourceTree = "<group>"; };
		8622AC8D25FF66880047AB11 /* AppDelegate.m */ = {isa = PBXFileReference; lastKnownFileType = sourcecode.c.objc; path = AppDelegate.m; sourceTree = "<group>"; };
		8622AC9225FF66880047AB11 /* ViewController.h */ = {isa = PBXFileReference; lastKnownFileType = sourcecode.c.h; path = ViewController.h; sourceTree = "<group>"; };
		8622AC9325FF66880047AB11 /* ViewController.m */ = {isa = PBXFileReference; lastKnownFileType = sourcecode.c.objc; path = ViewController.m; sourceTree = "<group>"; };
		8622AC9625FF66880047AB11 /* Base */ = {isa = PBXFileReference; lastKnownFileType = file.storyboard; name = Base; path = Base.lproj/Main.storyboard; sourceTree = "<group>"; };
		8622AC9825FF66890047AB11 /* Assets.xcassets */ = {isa = PBXFileReference; lastKnownFileType = folder.assetcatalog; path = Assets.xcassets; sourceTree = "<group>"; };
		8622AC9B25FF66890047AB11 /* Base */ = {isa = PBXFileReference; lastKnownFileType = file.storyboard; name = Base; path = Base.lproj/LaunchScreen.storyboard; sourceTree = "<group>"; };
		8622AC9D25FF66890047AB11 /* Info.plist */ = {isa = PBXFileReference; lastKnownFileType = text.plist.xml; path = Info.plist; sourceTree = "<group>"; };
		8622AC9E25FF66890047AB11 /* main.m */ = {isa = PBXFileReference; lastKnownFileType = sourcecode.c.objc; path = main.m; sourceTree = "<group>"; };
		8673933925FF703400C13B07 /* PTImageEditViewController.h */ = {isa = PBXFileReference; lastKnownFileType = sourcecode.c.h; path = PTImageEditViewController.h; sourceTree = "<group>"; };
		8673933A25FF703400C13B07 /* PTImageEditViewController.m */ = {isa = PBXFileReference; lastKnownFileType = sourcecode.c.objc; path = PTImageEditViewController.m; sourceTree = "<group>"; };
		867394482600B3F800C13B07 /* TYCyclePagerViewCell.m */ = {isa = PBXFileReference; fileEncoding = 4; lastKnownFileType = sourcecode.c.objc; path = TYCyclePagerViewCell.m; sourceTree = "<group>"; };
		867394492600B3F800C13B07 /* TYCyclePagerViewCell.h */ = {isa = PBXFileReference; fileEncoding = 4; lastKnownFileType = sourcecode.c.h; path = TYCyclePagerViewCell.h; sourceTree = "<group>"; };
		867472F32671FA0600293516 /* camra_beauty@3x.png */ = {isa = PBXFileReference; lastKnownFileType = image.png; path = "camra_beauty@3x.png"; sourceTree = "<group>"; };
		867472F42671FA0600293516 /* camra_beauty@2x.png */ = {isa = PBXFileReference; lastKnownFileType = image.png; path = "camra_beauty@2x.png"; sourceTree = "<group>"; };
		867472F52671FA0600293516 /* camra_beauty_close@3x.png */ = {isa = PBXFileReference; lastKnownFileType = image.png; path = "camra_beauty_close@3x.png"; sourceTree = "<group>"; };
		867472F62671FA0600293516 /* camra_beauty_close@2x.png */ = {isa = PBXFileReference; lastKnownFileType = image.png; path = "camra_beauty_close@2x.png"; sourceTree = "<group>"; };
		867472F72671FA0600293516 /* close_preview@3x.png */ = {isa = PBXFileReference; lastKnownFileType = image.png; path = "close_preview@3x.png"; sourceTree = "<group>"; };
		867472F82671FA0600293516 /* close_preview@2x.png */ = {isa = PBXFileReference; lastKnownFileType = image.png; path = "close_preview@2x.png"; sourceTree = "<group>"; };
		867472F92671FA0600293516 /* camra_preview@2x.png */ = {isa = PBXFileReference; lastKnownFileType = image.png; path = "camra_preview@2x.png"; sourceTree = "<group>"; };
		867472FA2671FA0600293516 /* camra_preview@3x.png */ = {isa = PBXFileReference; lastKnownFileType = image.png; path = "camra_preview@3x.png"; sourceTree = "<group>"; };
		868EADF72608910F00EDACC5 /* PTGPUImageSketchFilter.h */ = {isa = PBXFileReference; lastKnownFileType = sourcecode.c.h; path = PTGPUImageSketchFilter.h; sourceTree = "<group>"; };
		868EADF82608910F00EDACC5 /* PTGPUImageSketchFilter.m */ = {isa = PBXFileReference; lastKnownFileType = sourcecode.c.objc; path = PTGPUImageSketchFilter.m; sourceTree = "<group>"; };
		86AD35952671EFA2001C5933 /* LFLiveAudioConfiguration.h */ = {isa = PBXFileReference; fileEncoding = 4; lastKnownFileType = sourcecode.c.h; path = LFLiveAudioConfiguration.h; sourceTree = "<group>"; };
		86AD35962671EFA2001C5933 /* LFLiveVideoConfiguration.m */ = {isa = PBXFileReference; fileEncoding = 4; lastKnownFileType = sourcecode.c.objc; path = LFLiveVideoConfiguration.m; sourceTree = "<group>"; };
		86AD35972671EFA2001C5933 /* LFLiveAudioConfiguration.m */ = {isa = PBXFileReference; fileEncoding = 4; lastKnownFileType = sourcecode.c.objc; path = LFLiveAudioConfiguration.m; sourceTree = "<group>"; };
		86AD35982671EFA2001C5933 /* LFLiveVideoConfiguration.h */ = {isa = PBXFileReference; fileEncoding = 4; lastKnownFileType = sourcecode.c.h; path = LFLiveVideoConfiguration.h; sourceTree = "<group>"; };
		86AD359A2671EFA2001C5933 /* LFVideoCapture.m */ = {isa = PBXFileReference; fileEncoding = 4; lastKnownFileType = sourcecode.c.objc; path = LFVideoCapture.m; sourceTree = "<group>"; };
		86AD359B2671EFA2001C5933 /* LFAudioCapture.h */ = {isa = PBXFileReference; fileEncoding = 4; lastKnownFileType = sourcecode.c.h; path = LFAudioCapture.h; sourceTree = "<group>"; };
		86AD359C2671EFA2001C5933 /* LFVideoCapture.h */ = {isa = PBXFileReference; fileEncoding = 4; lastKnownFileType = sourcecode.c.h; path = LFVideoCapture.h; sourceTree = "<group>"; };
		86AD359D2671EFA2001C5933 /* LFAudioCapture.m */ = {isa = PBXFileReference; fileEncoding = 4; lastKnownFileType = sourcecode.c.objc; path = LFAudioCapture.m; sourceTree = "<group>"; };
		86AD359E2671EFA2001C5933 /* LFLiveKit.h */ = {isa = PBXFileReference; fileEncoding = 4; lastKnownFileType = sourcecode.c.h; path = LFLiveKit.h; sourceTree = "<group>"; };
		86AD35A02671EFA2001C5933 /* LFVideoFrame.h */ = {isa = PBXFileReference; fileEncoding = 4; lastKnownFileType = sourcecode.c.h; path = LFVideoFrame.h; sourceTree = "<group>"; };
		86AD35A12671EFA2001C5933 /* LFLiveDebug.h */ = {isa = PBXFileReference; fileEncoding = 4; lastKnownFileType = sourcecode.c.h; path = LFLiveDebug.h; sourceTree = "<group>"; };
		86AD35A22671EFA2001C5933 /* LFAudioFrame.m */ = {isa = PBXFileReference; fileEncoding = 4; lastKnownFileType = sourcecode.c.objc; path = LFAudioFrame.m; sourceTree = "<group>"; };
		86AD35A32671EFA2001C5933 /* LFLiveStreamInfo.m */ = {isa = PBXFileReference; fileEncoding = 4; lastKnownFileType = sourcecode.c.objc; path = LFLiveStreamInfo.m; sourceTree = "<group>"; };
		86AD35A42671EFA2001C5933 /* LFFrame.h */ = {isa = PBXFileReference; fileEncoding = 4; lastKnownFileType = sourcecode.c.h; path = LFFrame.h; sourceTree = "<group>"; };
		86AD35A52671EFA2001C5933 /* LFVideoFrame.m */ = {isa = PBXFileReference; fileEncoding = 4; lastKnownFileType = sourcecode.c.objc; path = LFVideoFrame.m; sourceTree = "<group>"; };
		86AD35A62671EFA2001C5933 /* LFLiveDebug.m */ = {isa = PBXFileReference; fileEncoding = 4; lastKnownFileType = sourcecode.c.objc; path = LFLiveDebug.m; sourceTree = "<group>"; };
		86AD35A72671EFA2001C5933 /* LFLiveStreamInfo.h */ = {isa = PBXFileReference; fileEncoding = 4; lastKnownFileType = sourcecode.c.h; path = LFLiveStreamInfo.h; sourceTree = "<group>"; };
		86AD35A82671EFA2001C5933 /* LFAudioFrame.h */ = {isa = PBXFileReference; fileEncoding = 4; lastKnownFileType = sourcecode.c.h; path = LFAudioFrame.h; sourceTree = "<group>"; };
		86AD35A92671EFA2001C5933 /* LFFrame.m */ = {isa = PBXFileReference; fileEncoding = 4; lastKnownFileType = sourcecode.c.objc; path = LFFrame.m; sourceTree = "<group>"; };
		86AD35AA2671EFA2001C5933 /* LFLiveSession.m */ = {isa = PBXFileReference; fileEncoding = 4; lastKnownFileType = sourcecode.c.objc; path = LFLiveSession.m; sourceTree = "<group>"; };
		86AD35AC2671EFA2001C5933 /* LFStreamRTMPSocket.h */ = {isa = PBXFileReference; fileEncoding = 4; lastKnownFileType = sourcecode.c.h; path = LFStreamRTMPSocket.h; sourceTree = "<group>"; };
		86AD35AD2671EFA2001C5933 /* NSMutableArray+LFAdd.m */ = {isa = PBXFileReference; fileEncoding = 4; lastKnownFileType = sourcecode.c.objc; path = "NSMutableArray+LFAdd.m"; sourceTree = "<group>"; };
		86AD35AE2671EFA2001C5933 /* LFStreamingBuffer.h */ = {isa = PBXFileReference; fileEncoding = 4; lastKnownFileType = sourcecode.c.h; path = LFStreamingBuffer.h; sourceTree = "<group>"; };
		86AD35AF2671EFA2001C5933 /* LFStreamRtmpSocket.m */ = {isa = PBXFileReference; fileEncoding = 4; lastKnownFileType = sourcecode.c.objc; path = LFStreamRtmpSocket.m; sourceTree = "<group>"; };
		86AD35B02671EFA2001C5933 /* LFStreamSocket.h */ = {isa = PBXFileReference; fileEncoding = 4; lastKnownFileType = sourcecode.c.h; path = LFStreamSocket.h; sourceTree = "<group>"; };
		86AD35B12671EFA2001C5933 /* NSMutableArray+LFAdd.h */ = {isa = PBXFileReference; fileEncoding = 4; lastKnownFileType = sourcecode.c.h; path = "NSMutableArray+LFAdd.h"; sourceTree = "<group>"; };
		86AD35B22671EFA2001C5933 /* LFStreamingBuffer.m */ = {isa = PBXFileReference; fileEncoding = 4; lastKnownFileType = sourcecode.c.objc; path = LFStreamingBuffer.m; sourceTree = "<group>"; };
		86AD35B42671EFA2001C5933 /* LFGPUImageEmptyFilter.h */ = {isa = PBXFileReference; fileEncoding = 4; lastKnownFileType = sourcecode.c.h; path = LFGPUImageEmptyFilter.h; sourceTree = "<group>"; };
		86AD35B52671EFA2001C5933 /* LFGPUImageBeautyFilter.m */ = {isa = PBXFileReference; fileEncoding = 4; lastKnownFileType = sourcecode.c.objc; path = LFGPUImageBeautyFilter.m; sourceTree = "<group>"; };
		86AD35B62671EFA2001C5933 /* LFGPUImageBeautyFilter.h */ = {isa = PBXFileReference; fileEncoding = 4; lastKnownFileType = sourcecode.c.h; path = LFGPUImageBeautyFilter.h; sourceTree = "<group>"; };
		86AD35B72671EFA2001C5933 /* LFGPUImageEmptyFilter.m */ = {isa = PBXFileReference; fileEncoding = 4; lastKnownFileType = sourcecode.c.objc; path = LFGPUImageEmptyFilter.m; sourceTree = "<group>"; };
		86AD35B92671EFA2001C5933 /* LFAudioEncoding.h */ = {isa = PBXFileReference; fileEncoding = 4; lastKnownFileType = sourcecode.c.h; path = LFAudioEncoding.h; sourceTree = "<group>"; };
		86AD35BA2671EFA2001C5933 /* LFH264VideoEncoder.h */ = {isa = PBXFileReference; fileEncoding = 4; lastKnownFileType = sourcecode.c.h; path = LFH264VideoEncoder.h; sourceTree = "<group>"; };
		86AD35BB2671EFA2001C5933 /* LFHardwareAudioEncoder.m */ = {isa = PBXFileReference; fileEncoding = 4; lastKnownFileType = sourcecode.c.objc; path = LFHardwareAudioEncoder.m; sourceTree = "<group>"; };
		86AD35BC2671EFA2001C5933 /* LFH264VideoEncoder.mm */ = {isa = PBXFileReference; fileEncoding = 4; lastKnownFileType = sourcecode.cpp.objcpp; path = LFH264VideoEncoder.mm; sourceTree = "<group>"; };
		86AD35BE2671EFA2001C5933 /* LFVideoEncoder.h */ = {isa = PBXFileReference; fileEncoding = 4; lastKnownFileType = sourcecode.c.h; path = LFVideoEncoder.h; sourceTree = "<group>"; };
		86AD35BF2671EFA2001C5933 /* LFMP4Atom.m */ = {isa = PBXFileReference; fileEncoding = 4; lastKnownFileType = sourcecode.c.objc; path = LFMP4Atom.m; sourceTree = "<group>"; };
		86AD35C02671EFA2001C5933 /* LFAVEncoder.h */ = {isa = PBXFileReference; fileEncoding = 4; lastKnownFileType = sourcecode.c.h; path = LFAVEncoder.h; sourceTree = "<group>"; };
		86AD35C12671EFA2001C5933 /* LFNALUnit.cpp */ = {isa = PBXFileReference; fileEncoding = 4; lastKnownFileType = sourcecode.cpp.cpp; path = LFNALUnit.cpp; sourceTree = "<group>"; };
		86AD35C22671EFA2001C5933 /* LFVideoEncoder.m */ = {isa = PBXFileReference; fileEncoding = 4; lastKnownFileType = sourcecode.c.objc; path = LFVideoEncoder.m; sourceTree = "<group>"; };
		86AD35C32671EFA2001C5933 /* LFMP4Atom.h */ = {isa = PBXFileReference; fileEncoding = 4; lastKnownFileType = sourcecode.c.h; path = LFMP4Atom.h; sourceTree = "<group>"; };
		86AD35C42671EFA2001C5933 /* LFNALUnit.h */ = {isa = PBXFileReference; fileEncoding = 4; lastKnownFileType = sourcecode.c.h; path = LFNALUnit.h; sourceTree = "<group>"; };
		86AD35C52671EFA2001C5933 /* LFAVEncoder.mm */ = {isa = PBXFileReference; fileEncoding = 4; lastKnownFileType = sourcecode.cpp.objcpp; path = LFAVEncoder.mm; sourceTree = "<group>"; };
		86AD35C62671EFA2001C5933 /* LFHardwareVideoEncoder.h */ = {isa = PBXFileReference; fileEncoding = 4; lastKnownFileType = sourcecode.c.h; path = LFHardwareVideoEncoder.h; sourceTree = "<group>"; };
		86AD35C72671EFA2001C5933 /* LFVideoEncoding.h */ = {isa = PBXFileReference; fileEncoding = 4; lastKnownFileType = sourcecode.c.h; path = LFVideoEncoding.h; sourceTree = "<group>"; };
		86AD35C82671EFA2001C5933 /* LFHardwareAudioEncoder.h */ = {isa = PBXFileReference; fileEncoding = 4; lastKnownFileType = sourcecode.c.h; path = LFHardwareAudioEncoder.h; sourceTree = "<group>"; };
		86AD35C92671EFA2001C5933 /* LFHardwareVideoEncoder.m */ = {isa = PBXFileReference; fileEncoding = 4; lastKnownFileType = sourcecode.c.objc; path = LFHardwareVideoEncoder.m; sourceTree = "<group>"; };
		86AD35CA2671EFA2001C5933 /* LFLiveSession.h */ = {isa = PBXFileReference; fileEncoding = 4; lastKnownFileType = sourcecode.c.h; path = LFLiveSession.h; sourceTree = "<group>"; };
		86AD39612671F20F001C5933 /* log.c */ = {isa = PBXFileReference; fileEncoding = 4; lastKnownFileType = sourcecode.c.c; path = log.c; sourceTree = "<group>"; };
		86AD39622671F20F001C5933 /* error.h */ = {isa = PBXFileReference; fileEncoding = 4; lastKnownFileType = sourcecode.c.h; path = error.h; sourceTree = "<group>"; };
		86AD39632671F20F001C5933 /* http.h */ = {isa = PBXFileReference; fileEncoding = 4; lastKnownFileType = sourcecode.c.h; path = http.h; sourceTree = "<group>"; };
		86AD39642671F20F001C5933 /* handshake.h */ = {isa = PBXFileReference; fileEncoding = 4; lastKnownFileType = sourcecode.c.h; path = handshake.h; sourceTree = "<group>"; };
		86AD39652671F20F001C5933 /* dh.h */ = {isa = PBXFileReference; fileEncoding = 4; lastKnownFileType = sourcecode.c.h; path = dh.h; sourceTree = "<group>"; };
		86AD39662671F20F001C5933 /* dhgroups.h */ = {isa = PBXFileReference; fileEncoding = 4; lastKnownFileType = sourcecode.c.h; path = dhgroups.h; sourceTree = "<group>"; };
		86AD39672671F20F001C5933 /* rtmp_sys.h */ = {isa = PBXFileReference; fileEncoding = 4; lastKnownFileType = sourcecode.c.h; path = rtmp_sys.h; sourceTree = "<group>"; };
		86AD39682671F20F001C5933 /* hashswf.c */ = {isa = PBXFileReference; fileEncoding = 4; lastKnownFileType = sourcecode.c.c; path = hashswf.c; sourceTree = "<group>"; };
		86AD39692671F20F001C5933 /* rtmp.c */ = {isa = PBXFileReference; fileEncoding = 4; lastKnownFileType = sourcecode.c.c; path = rtmp.c; sourceTree = "<group>"; };
		86AD396A2671F20F001C5933 /* amf.h */ = {isa = PBXFileReference; fileEncoding = 4; lastKnownFileType = sourcecode.c.h; path = amf.h; sourceTree = "<group>"; };
		86AD396B2671F20F001C5933 /* error.c */ = {isa = PBXFileReference; fileEncoding = 4; lastKnownFileType = sourcecode.c.c; path = error.c; sourceTree = "<group>"; };
		86AD396C2671F20F001C5933 /* log.h */ = {isa = PBXFileReference; fileEncoding = 4; lastKnownFileType = sourcecode.c.h; path = log.h; sourceTree = "<group>"; };
		86AD396D2671F20F001C5933 /* bytes.h */ = {isa = PBXFileReference; fileEncoding = 4; lastKnownFileType = sourcecode.c.h; path = bytes.h; sourceTree = "<group>"; };
		86AD396E2671F20F001C5933 /* parseurl.c */ = {isa = PBXFileReference; fileEncoding = 4; lastKnownFileType = sourcecode.c.c; path = parseurl.c; sourceTree = "<group>"; };
		86AD396F2671F20F001C5933 /* amf.c */ = {isa = PBXFileReference; fileEncoding = 4; lastKnownFileType = sourcecode.c.c; path = amf.c; sourceTree = "<group>"; };
		86AD39702671F20F001C5933 /* rtmp.h */ = {isa = PBXFileReference; fileEncoding = 4; lastKnownFileType = sourcecode.c.h; path = rtmp.h; sourceTree = "<group>"; };
		86AD3A262671F50A001C5933 /* LMLivePreview.m */ = {isa = PBXFileReference; fileEncoding = 4; lastKnownFileType = sourcecode.c.objc; path = LMLivePreview.m; sourceTree = "<group>"; };
		86AD3A272671F50A001C5933 /* LMLivePreview.h */ = {isa = PBXFileReference; fileEncoding = 4; lastKnownFileType = sourcecode.c.h; path = LMLivePreview.h; sourceTree = "<group>"; };
		86AD3A2A2671F57C001C5933 /* UIControl+YYAdd.h */ = {isa = PBXFileReference; fileEncoding = 4; lastKnownFileType = sourcecode.c.h; path = "UIControl+YYAdd.h"; sourceTree = "<group>"; };
		86AD3A2B2671F57C001C5933 /* UIView+YYAdd.m */ = {isa = PBXFileReference; fileEncoding = 4; lastKnownFileType = sourcecode.c.objc; path = "UIView+YYAdd.m"; sourceTree = "<group>"; };
		86AD3A2C2671F57C001C5933 /* UIControl+YYAdd.m */ = {isa = PBXFileReference; fileEncoding = 4; lastKnownFileType = sourcecode.c.objc; path = "UIControl+YYAdd.m"; sourceTree = "<group>"; };
		86AD3A2D2671F57C001C5933 /* UIView+YYAdd.h */ = {isa = PBXFileReference; fileEncoding = 4; lastKnownFileType = sourcecode.c.h; path = "UIView+YYAdd.h"; sourceTree = "<group>"; };
		86AD3A302671F5C4001C5933 /* PTPushLiveViewController.h */ = {isa = PBXFileReference; lastKnownFileType = sourcecode.c.h; path = PTPushLiveViewController.h; sourceTree = "<group>"; };
		86AD3A312671F5C4001C5933 /* PTPushLiveViewController.m */ = {isa = PBXFileReference; lastKnownFileType = sourcecode.c.objc; path = PTPushLiveViewController.m; sourceTree = "<group>"; };
		86D04CFD2601A04E00D1E776 /* PTImageProcessController.h */ = {isa = PBXFileReference; lastKnownFileType = sourcecode.c.h; path = PTImageProcessController.h; sourceTree = "<group>"; };
		86D04CFE2601A04E00D1E776 /* PTImageProcessController.m */ = {isa = PBXFileReference; lastKnownFileType = sourcecode.c.objc; path = PTImageProcessController.m; sourceTree = "<group>"; };
		86D04D012601E90200D1E776 /* PTColorProcessController.h */ = {isa = PBXFileReference; lastKnownFileType = sourcecode.c.h; path = PTColorProcessController.h; sourceTree = "<group>"; };
		86D04D022601E90200D1E776 /* PTColorProcessController.m */ = {isa = PBXFileReference; lastKnownFileType = sourcecode.c.objc; path = PTColorProcessController.m; sourceTree = "<group>"; };
		86D4109326032C6400CF120F /* PTCustomFilterController.h */ = {isa = PBXFileReference; lastKnownFileType = sourcecode.c.h; path = PTCustomFilterController.h; sourceTree = "<group>"; };
		86D4109426032C6400CF120F /* PTCustomFilterController.m */ = {isa = PBXFileReference; lastKnownFileType = sourcecode.c.objc; path = PTCustomFilterController.m; sourceTree = "<group>"; };
		86D4109826034E2500CF120F /* PTGPUImage3DFilter.h */ = {isa = PBXFileReference; lastKnownFileType = sourcecode.c.h; path = PTGPUImage3DFilter.h; sourceTree = "<group>"; };
		86D4109926034E2500CF120F /* PTGPUImage3DFilter.m */ = {isa = PBXFileReference; lastKnownFileType = sourcecode.c.objc; path = PTGPUImage3DFilter.m; sourceTree = "<group>"; };
		BCD267910E906936B07F161B /* Pods_GPUImageDemo.framework */ = {isa = PBXFileReference; explicitFileType = wrapper.framework; includeInIndex = 0; path = Pods_GPUImageDemo.framework; sourceTree = BUILT_PRODUCTS_DIR; };
		E395E8D73B5551E603A8AFC0 /* Pods-GPUImageDemo.debug.xcconfig */ = {isa = PBXFileReference; includeInIndex = 1; lastKnownFileType = text.xcconfig; name = "Pods-GPUImageDemo.debug.xcconfig"; path = "Target Support Files/Pods-GPUImageDemo/Pods-GPUImageDemo.debug.xcconfig"; sourceTree = "<group>"; };
/* End PBXFileReference section */

/* Begin PBXFrameworksBuildPhase section */
		8622AC8625FF66880047AB11 /* Frameworks */ = {
			isa = PBXFrameworksBuildPhase;
			buildActionMask = 2147483647;
			files = (
				B604D76C73FF27214C670E0A /* Pods_GPUImageDemo.framework in Frameworks */,
			);
			runOnlyForDeploymentPostprocessing = 0;
		};
/* End PBXFrameworksBuildPhase section */

/* Begin PBXGroup section */
		8622AC8025FF66880047AB11 = {
			isa = PBXGroup;
			children = (
				8622AC8B25FF66880047AB11 /* GPUImageDemo */,
				8622AC8A25FF66880047AB11 /* Products */,
				B2BC83007C8D34950BBBDD11 /* Pods */,
				E8948E1964293CBF402739A3 /* Frameworks */,
			);
			sourceTree = "<group>";
		};
		8622AC8A25FF66880047AB11 /* Products */ = {
			isa = PBXGroup;
			children = (
				8622AC8925FF66880047AB11 /* GPUImageDemo.app */,
			);
			name = Products;
			sourceTree = "<group>";
		};
		8622AC8B25FF66880047AB11 /* GPUImageDemo */ = {
			isa = PBXGroup;
			children = (
				86AD35932671EFA2001C5933 /* LFLiveKit */,
				86D4109726034DD600CF120F /* cusomfilter */,
				8673933825FF700700C13B07 /* ViewControllers */,
				8622AC8C25FF66880047AB11 /* AppDelegate.h */,
				8622AC8D25FF66880047AB11 /* AppDelegate.m */,
				8622AC9225FF66880047AB11 /* ViewController.h */,
				8622AC9325FF66880047AB11 /* ViewController.m */,
				8622AC9525FF66880047AB11 /* Main.storyboard */,
				8622AC9825FF66890047AB11 /* Assets.xcassets */,
				8622AC9A25FF66890047AB11 /* LaunchScreen.storyboard */,
				8622AC9D25FF66890047AB11 /* Info.plist */,
				8622AC9E25FF66890047AB11 /* main.m */,
			);
			path = GPUImageDemo;
			sourceTree = "<group>";
		};
		8673933825FF700700C13B07 /* ViewControllers */ = {
			isa = PBXGroup;
			children = (
				86AD3A232671F46A001C5933 /* h264推流 */,
				867394492600B3F800C13B07 /* TYCyclePagerViewCell.h */,
				867394482600B3F800C13B07 /* TYCyclePagerViewCell.m */,
				8673933925FF703400C13B07 /* PTImageEditViewController.h */,
				8673933A25FF703400C13B07 /* PTImageEditViewController.m */,
				4CE946182600EE0100246BFB /* PTImageEffectManager.h */,
				4CE946192600EE0100246BFB /* PTImageEffectManager.m */,
				86D04CFD2601A04E00D1E776 /* PTImageProcessController.h */,
				86D04CFE2601A04E00D1E776 /* PTImageProcessController.m */,
				86D04D012601E90200D1E776 /* PTColorProcessController.h */,
				86D04D022601E90200D1E776 /* PTColorProcessController.m */,
				86D4109326032C6400CF120F /* PTCustomFilterController.h */,
				86D4109426032C6400CF120F /* PTCustomFilterController.m */,
			);
			path = ViewControllers;
			sourceTree = "<group>";
		};
		867472F22671FA0600293516 /* images */ = {
			isa = PBXGroup;
			children = (
				867472F32671FA0600293516 /* camra_beauty@3x.png */,
				867472F42671FA0600293516 /* camra_beauty@2x.png */,
				867472F52671FA0600293516 /* camra_beauty_close@3x.png */,
				867472F62671FA0600293516 /* camra_beauty_close@2x.png */,
				867472F72671FA0600293516 /* close_preview@3x.png */,
				867472F82671FA0600293516 /* close_preview@2x.png */,
				867472F92671FA0600293516 /* camra_preview@2x.png */,
				867472FA2671FA0600293516 /* camra_preview@3x.png */,
			);
			path = images;
			sourceTree = "<group>";
		};
		86AD35932671EFA2001C5933 /* LFLiveKit */ = {
			isa = PBXGroup;
			children = (
				86AD38022671F20E001C5933 /* Vendor */,
				86AD35942671EFA2001C5933 /* configuration */,
				86AD35992671EFA2001C5933 /* capture */,
				86AD359E2671EFA2001C5933 /* LFLiveKit.h */,
				86AD359F2671EFA2001C5933 /* objects */,
				86AD35AA2671EFA2001C5933 /* LFLiveSession.m */,
				86AD35AB2671EFA2001C5933 /* publish */,
				86AD35B32671EFA2001C5933 /* filter */,
				86AD35B82671EFA2001C5933 /* coder */,
				86AD35CA2671EFA2001C5933 /* LFLiveSession.h */,
			);
			path = LFLiveKit;
			sourceTree = "<group>";
		};
		86AD35942671EFA2001C5933 /* configuration */ = {
			isa = PBXGroup;
			children = (
				86AD35952671EFA2001C5933 /* LFLiveAudioConfiguration.h */,
				86AD35962671EFA2001C5933 /* LFLiveVideoConfiguration.m */,
				86AD35972671EFA2001C5933 /* LFLiveAudioConfiguration.m */,
				86AD35982671EFA2001C5933 /* LFLiveVideoConfiguration.h */,
			);
			path = configuration;
			sourceTree = "<group>";
		};
		86AD35992671EFA2001C5933 /* capture */ = {
			isa = PBXGroup;
			children = (
				86AD359A2671EFA2001C5933 /* LFVideoCapture.m */,
				86AD359B2671EFA2001C5933 /* LFAudioCapture.h */,
				86AD359C2671EFA2001C5933 /* LFVideoCapture.h */,
				86AD359D2671EFA2001C5933 /* LFAudioCapture.m */,
			);
			path = capture;
			sourceTree = "<group>";
		};
		86AD359F2671EFA2001C5933 /* objects */ = {
			isa = PBXGroup;
			children = (
				86AD35A02671EFA2001C5933 /* LFVideoFrame.h */,
				86AD35A12671EFA2001C5933 /* LFLiveDebug.h */,
				86AD35A22671EFA2001C5933 /* LFAudioFrame.m */,
				86AD35A32671EFA2001C5933 /* LFLiveStreamInfo.m */,
				86AD35A42671EFA2001C5933 /* LFFrame.h */,
				86AD35A52671EFA2001C5933 /* LFVideoFrame.m */,
				86AD35A62671EFA2001C5933 /* LFLiveDebug.m */,
				86AD35A72671EFA2001C5933 /* LFLiveStreamInfo.h */,
				86AD35A82671EFA2001C5933 /* LFAudioFrame.h */,
				86AD35A92671EFA2001C5933 /* LFFrame.m */,
			);
			path = objects;
			sourceTree = "<group>";
		};
		86AD35AB2671EFA2001C5933 /* publish */ = {
			isa = PBXGroup;
			children = (
				86AD35AC2671EFA2001C5933 /* LFStreamRTMPSocket.h */,
				86AD35AD2671EFA2001C5933 /* NSMutableArray+LFAdd.m */,
				86AD35AE2671EFA2001C5933 /* LFStreamingBuffer.h */,
				86AD35AF2671EFA2001C5933 /* LFStreamRtmpSocket.m */,
				86AD35B02671EFA2001C5933 /* LFStreamSocket.h */,
				86AD35B12671EFA2001C5933 /* NSMutableArray+LFAdd.h */,
				86AD35B22671EFA2001C5933 /* LFStreamingBuffer.m */,
			);
			path = publish;
			sourceTree = "<group>";
		};
		86AD35B32671EFA2001C5933 /* filter */ = {
			isa = PBXGroup;
			children = (
				86AD35B42671EFA2001C5933 /* LFGPUImageEmptyFilter.h */,
				86AD35B52671EFA2001C5933 /* LFGPUImageBeautyFilter.m */,
				86AD35B62671EFA2001C5933 /* LFGPUImageBeautyFilter.h */,
				86AD35B72671EFA2001C5933 /* LFGPUImageEmptyFilter.m */,
			);
			path = filter;
			sourceTree = "<group>";
		};
		86AD35B82671EFA2001C5933 /* coder */ = {
			isa = PBXGroup;
			children = (
				86AD35B92671EFA2001C5933 /* LFAudioEncoding.h */,
				86AD35BA2671EFA2001C5933 /* LFH264VideoEncoder.h */,
				86AD35BB2671EFA2001C5933 /* LFHardwareAudioEncoder.m */,
				86AD35BC2671EFA2001C5933 /* LFH264VideoEncoder.mm */,
				86AD35BD2671EFA2001C5933 /* H264 */,
				86AD35C62671EFA2001C5933 /* LFHardwareVideoEncoder.h */,
				86AD35C72671EFA2001C5933 /* LFVideoEncoding.h */,
				86AD35C82671EFA2001C5933 /* LFHardwareAudioEncoder.h */,
				86AD35C92671EFA2001C5933 /* LFHardwareVideoEncoder.m */,
			);
			path = coder;
			sourceTree = "<group>";
		};
		86AD35BD2671EFA2001C5933 /* H264 */ = {
			isa = PBXGroup;
			children = (
				86AD35BE2671EFA2001C5933 /* LFVideoEncoder.h */,
				86AD35BF2671EFA2001C5933 /* LFMP4Atom.m */,
				86AD35C02671EFA2001C5933 /* LFAVEncoder.h */,
				86AD35C12671EFA2001C5933 /* LFNALUnit.cpp */,
				86AD35C22671EFA2001C5933 /* LFVideoEncoder.m */,
				86AD35C32671EFA2001C5933 /* LFMP4Atom.h */,
				86AD35C42671EFA2001C5933 /* LFNALUnit.h */,
				86AD35C52671EFA2001C5933 /* LFAVEncoder.mm */,
			);
			path = H264;
			sourceTree = "<group>";
		};
		86AD38022671F20E001C5933 /* Vendor */ = {
			isa = PBXGroup;
			children = (
				86AD39602671F20F001C5933 /* pili-librtmp */,
			);
			path = Vendor;
			sourceTree = "<group>";
		};
		86AD39602671F20F001C5933 /* pili-librtmp */ = {
			isa = PBXGroup;
			children = (
				86AD39612671F20F001C5933 /* log.c */,
				86AD39622671F20F001C5933 /* error.h */,
				86AD39632671F20F001C5933 /* http.h */,
				86AD39642671F20F001C5933 /* handshake.h */,
				86AD39652671F20F001C5933 /* dh.h */,
				86AD39662671F20F001C5933 /* dhgroups.h */,
				86AD39672671F20F001C5933 /* rtmp_sys.h */,
				86AD39682671F20F001C5933 /* hashswf.c */,
				86AD39692671F20F001C5933 /* rtmp.c */,
				86AD396A2671F20F001C5933 /* amf.h */,
				86AD396B2671F20F001C5933 /* error.c */,
				86AD396C2671F20F001C5933 /* log.h */,
				86AD396D2671F20F001C5933 /* bytes.h */,
				86AD396E2671F20F001C5933 /* parseurl.c */,
				86AD396F2671F20F001C5933 /* amf.c */,
				86AD39702671F20F001C5933 /* rtmp.h */,
			);
			path = "pili-librtmp";
			sourceTree = "<group>";
		};
		86AD3A232671F46A001C5933 /* h264推流 */ = {
			isa = PBXGroup;
			children = (
				867472F22671FA0600293516 /* images */,
				86AD3A292671F57C001C5933 /* category */,
				86AD3A252671F484001C5933 /* Controller */,
				86AD3A242671F47E001C5933 /* View */,
			);
			path = "h264推流";
			sourceTree = "<group>";
		};
		86AD3A242671F47E001C5933 /* View */ = {
			isa = PBXGroup;
			children = (
				86AD3A272671F50A001C5933 /* LMLivePreview.h */,
				86AD3A262671F50A001C5933 /* LMLivePreview.m */,
			);
			path = View;
			sourceTree = "<group>";
		};
		86AD3A252671F484001C5933 /* Controller */ = {
			isa = PBXGroup;
			children = (
				86AD3A302671F5C4001C5933 /* PTPushLiveViewController.h */,
				86AD3A312671F5C4001C5933 /* PTPushLiveViewController.m */,
			);
			path = Controller;
			sourceTree = "<group>";
		};
		86AD3A292671F57C001C5933 /* category */ = {
			isa = PBXGroup;
			children = (
				86AD3A2A2671F57C001C5933 /* UIControl+YYAdd.h */,
				86AD3A2B2671F57C001C5933 /* UIView+YYAdd.m */,
				86AD3A2C2671F57C001C5933 /* UIControl+YYAdd.m */,
				86AD3A2D2671F57C001C5933 /* UIView+YYAdd.h */,
			);
			path = category;
			sourceTree = "<group>";
		};
		86D4109726034DD600CF120F /* cusomfilter */ = {
			isa = PBXGroup;
			children = (
				86D4109826034E2500CF120F /* PTGPUImage3DFilter.h */,
				86D4109926034E2500CF120F /* PTGPUImage3DFilter.m */,
				868EADF72608910F00EDACC5 /* PTGPUImageSketchFilter.h */,
				868EADF82608910F00EDACC5 /* PTGPUImageSketchFilter.m */,
			);
			path = cusomfilter;
			sourceTree = "<group>";
		};
		B2BC83007C8D34950BBBDD11 /* Pods */ = {
			isa = PBXGroup;
			children = (
				E395E8D73B5551E603A8AFC0 /* Pods-GPUImageDemo.debug.xcconfig */,
				55B32804385010216EBACC50 /* Pods-GPUImageDemo.release.xcconfig */,
			);
			path = Pods;
			sourceTree = "<group>";
		};
		E8948E1964293CBF402739A3 /* Frameworks */ = {
			isa = PBXGroup;
			children = (
				BCD267910E906936B07F161B /* Pods_GPUImageDemo.framework */,
			);
			name = Frameworks;
			sourceTree = "<group>";
		};
/* End PBXGroup section */

/* Begin PBXNativeTarget section */
		8622AC8825FF66880047AB11 /* GPUImageDemo */ = {
			isa = PBXNativeTarget;
			buildConfigurationList = 8622ACA225FF66890047AB11 /* Build configuration list for PBXNativeTarget "GPUImageDemo" */;
			buildPhases = (
				3A412DB868CCE0DB616DE3A1 /* [CP] Check Pods Manifest.lock */,
				8622AC8525FF66880047AB11 /* Sources */,
				8622AC8625FF66880047AB11 /* Frameworks */,
				8622AC8725FF66880047AB11 /* Resources */,
				2B667783F704D641C3CF81D4 /* [CP] Embed Pods Frameworks */,
			);
			buildRules = (
			);
			dependencies = (
			);
			name = GPUImageDemo;
			productName = GPUImageDemo;
			productReference = 8622AC8925FF66880047AB11 /* GPUImageDemo.app */;
			productType = "com.apple.product-type.application";
		};
/* End PBXNativeTarget section */

/* Begin PBXProject section */
		8622AC8125FF66880047AB11 /* Project object */ = {
			isa = PBXProject;
			attributes = {
				LastUpgradeCheck = 1240;
				TargetAttributes = {
					8622AC8825FF66880047AB11 = {
						CreatedOnToolsVersion = 12.4;
					};
				};
			};
			buildConfigurationList = 8622AC8425FF66880047AB11 /* Build configuration list for PBXProject "GPUImageDemo" */;
			compatibilityVersion = "Xcode 9.3";
			developmentRegion = en;
			hasScannedForEncodings = 0;
			knownRegions = (
				en,
				Base,
			);
			mainGroup = 8622AC8025FF66880047AB11;
			productRefGroup = 8622AC8A25FF66880047AB11 /* Products */;
			projectDirPath = "";
			projectRoot = "";
			targets = (
				8622AC8825FF66880047AB11 /* GPUImageDemo */,
			);
		};
/* End PBXProject section */

/* Begin PBXResourcesBuildPhase section */
		8622AC8725FF66880047AB11 /* Resources */ = {
			isa = PBXResourcesBuildPhase;
			buildActionMask = 2147483647;
			files = (
				867473012671FA0600293516 /* camra_preview@2x.png in Resources */,
				867473022671FA0600293516 /* camra_preview@3x.png in Resources */,
				8622AC9C25FF66890047AB11 /* LaunchScreen.storyboard in Resources */,
				867472FF2671FA0600293516 /* close_preview@3x.png in Resources */,
				867472FC2671FA0600293516 /* camra_beauty@2x.png in Resources */,
				867473002671FA0600293516 /* close_preview@2x.png in Resources */,
				8622AC9925FF66890047AB11 /* Assets.xcassets in Resources */,
				867472FD2671FA0600293516 /* camra_beauty_close@3x.png in Resources */,
				867472FB2671FA0600293516 /* camra_beauty@3x.png in Resources */,
				8622AC9725FF66880047AB11 /* Main.storyboard in Resources */,
				867472FE2671FA0600293516 /* camra_beauty_close@2x.png in Resources */,
			);
			runOnlyForDeploymentPostprocessing = 0;
		};
/* End PBXResourcesBuildPhase section */

/* Begin PBXShellScriptBuildPhase section */
		2B667783F704D641C3CF81D4 /* [CP] Embed Pods Frameworks */ = {
			isa = PBXShellScriptBuildPhase;
			buildActionMask = 2147483647;
			files = (
			);
			inputFileListPaths = (
				"${PODS_ROOT}/Target Support Files/Pods-GPUImageDemo/Pods-GPUImageDemo-frameworks-${CONFIGURATION}-input-files.xcfilelist",
			);
			name = "[CP] Embed Pods Frameworks";
			outputFileListPaths = (
				"${PODS_ROOT}/Target Support Files/Pods-GPUImageDemo/Pods-GPUImageDemo-frameworks-${CONFIGURATION}-output-files.xcfilelist",
			);
			runOnlyForDeploymentPostprocessing = 0;
			shellPath = /bin/sh;
			shellScript = "\"${PODS_ROOT}/Target Support Files/Pods-GPUImageDemo/Pods-GPUImageDemo-frameworks.sh\"\n";
			showEnvVarsInLog = 0;
		};
		3A412DB868CCE0DB616DE3A1 /* [CP] Check Pods Manifest.lock */ = {
			isa = PBXShellScriptBuildPhase;
			buildActionMask = 2147483647;
			files = (
			);
			inputFileListPaths = (
			);
			inputPaths = (
				"${PODS_PODFILE_DIR_PATH}/Podfile.lock",
				"${PODS_ROOT}/Manifest.lock",
			);
			name = "[CP] Check Pods Manifest.lock";
			outputFileListPaths = (
			);
			outputPaths = (
				"$(DERIVED_FILE_DIR)/Pods-GPUImageDemo-checkManifestLockResult.txt",
			);
			runOnlyForDeploymentPostprocessing = 0;
			shellPath = /bin/sh;
			shellScript = "diff \"${PODS_PODFILE_DIR_PATH}/Podfile.lock\" \"${PODS_ROOT}/Manifest.lock\" > /dev/null\nif [ $? != 0 ] ; then\n    # print error to STDERR\n    echo \"error: The sandbox is not in sync with the Podfile.lock. Run 'pod install' or update your CocoaPods installation.\" >&2\n    exit 1\nfi\n# This output is used by Xcode 'outputs' to avoid re-running this script phase.\necho \"SUCCESS\" > \"${SCRIPT_OUTPUT_FILE_0}\"\n";
			showEnvVarsInLog = 0;
		};
/* End PBXShellScriptBuildPhase section */

/* Begin PBXSourcesBuildPhase section */
		8622AC8525FF66880047AB11 /* Sources */ = {
			isa = PBXSourcesBuildPhase;
			buildActionMask = 2147483647;
			files = (
				86AD373C2671EFA3001C5933 /* LFVideoCapture.m in Sources */,
				8622AC9425FF66880047AB11 /* ViewController.m in Sources */,
				86AD3A202671F20F001C5933 /* error.c in Sources */,
				86AD3A2F2671F57C001C5933 /* UIControl+YYAdd.m in Sources */,
				86AD373B2671EFA3001C5933 /* LFLiveAudioConfiguration.m in Sources */,
				86AD37482671EFA3001C5933 /* LFGPUImageEmptyFilter.m in Sources */,
				86AD3A282671F50A001C5933 /* LMLivePreview.m in Sources */,
				86AD373E2671EFA3001C5933 /* LFAudioFrame.m in Sources */,
				86AD3A2E2671F57C001C5933 /* UIView+YYAdd.m in Sources */,
				86AD37462671EFA3001C5933 /* LFStreamingBuffer.m in Sources */,
				86AD37492671EFA3001C5933 /* LFHardwareAudioEncoder.m in Sources */,
				86D04D032601E90200D1E776 /* PTColorProcessController.m in Sources */,
				4CE9461A2600EE0100246BFB /* PTImageEffectManager.m in Sources */,
				8622AC8E25FF66880047AB11 /* AppDelegate.m in Sources */,
				86AD37452671EFA3001C5933 /* LFStreamRtmpSocket.m in Sources */,
				86D4109A26034E2500CF120F /* PTGPUImage3DFilter.m in Sources */,
				86AD37442671EFA3001C5933 /* NSMutableArray+LFAdd.m in Sources */,
				8673944A2600B3F800C13B07 /* TYCyclePagerViewCell.m in Sources */,
				86AD3A212671F20F001C5933 /* parseurl.c in Sources */,
				86AD374A2671EFA3001C5933 /* LFH264VideoEncoder.mm in Sources */,
				868EADF92608910F00EDACC5 /* PTGPUImageSketchFilter.m in Sources */,
				86AD374F2671EFA3001C5933 /* LFHardwareVideoEncoder.m in Sources */,
				86AD373F2671EFA3001C5933 /* LFLiveStreamInfo.m in Sources */,
				86AD374E2671EFA3001C5933 /* LFAVEncoder.mm in Sources */,
				86AD37472671EFA3001C5933 /* LFGPUImageBeautyFilter.m in Sources */,
				8673933B25FF703400C13B07 /* PTImageEditViewController.m in Sources */,
				86AD374C2671EFA3001C5933 /* LFNALUnit.cpp in Sources */,
				86AD374D2671EFA3001C5933 /* LFVideoEncoder.m in Sources */,
				86AD37412671EFA3001C5933 /* LFLiveDebug.m in Sources */,
				86D4109526032C6400CF120F /* PTCustomFilterController.m in Sources */,
				86AD3A1D2671F20F001C5933 /* log.c in Sources */,
				86AD3A1E2671F20F001C5933 /* hashswf.c in Sources */,
				8622AC9F25FF66890047AB11 /* main.m in Sources */,
				86AD373A2671EFA3001C5933 /* LFLiveVideoConfiguration.m in Sources */,
				86AD373D2671EFA3001C5933 /* LFAudioCapture.m in Sources */,
				86AD3A1F2671F20F001C5933 /* rtmp.c in Sources */,
				86AD37432671EFA3001C5933 /* LFLiveSession.m in Sources */,
				86AD3A322671F5C4001C5933 /* PTPushLiveViewController.m in Sources */,
				86AD3A222671F20F001C5933 /* amf.c in Sources */,
				86AD37422671EFA3001C5933 /* LFFrame.m in Sources */,
				86D04CFF2601A04E00D1E776 /* PTImageProcessController.m in Sources */,
				86AD37402671EFA3001C5933 /* LFVideoFrame.m in Sources */,
				86AD374B2671EFA3001C5933 /* LFMP4Atom.m in Sources */,
			);
			runOnlyForDeploymentPostprocessing = 0;
		};
/* End PBXSourcesBuildPhase section */

/* Begin PBXVariantGroup section */
		8622AC9525FF66880047AB11 /* Main.storyboard */ = {
			isa = PBXVariantGroup;
			children = (
				8622AC9625FF66880047AB11 /* Base */,
			);
			name = Main.storyboard;
			sourceTree = "<group>";
		};
		8622AC9A25FF66890047AB11 /* LaunchScreen.storyboard */ = {
			isa = PBXVariantGroup;
			children = (
				8622AC9B25FF66890047AB11 /* Base */,
			);
			name = LaunchScreen.storyboard;
			sourceTree = "<group>";
		};
/* End PBXVariantGroup section */

/* Begin XCBuildConfiguration section */
		8622ACA025FF66890047AB11 /* Debug */ = {
			isa = XCBuildConfiguration;
			buildSettings = {
				ALWAYS_SEARCH_USER_PATHS = NO;
				CLANG_ANALYZER_NONNULL = YES;
				CLANG_ANALYZER_NUMBER_OBJECT_CONVERSION = YES_AGGRESSIVE;
				CLANG_CXX_LANGUAGE_STANDARD = "gnu++14";
				CLANG_CXX_LIBRARY = "libc++";
				CLANG_ENABLE_MODULES = YES;
				CLANG_ENABLE_OBJC_ARC = YES;
				CLANG_ENABLE_OBJC_WEAK = YES;
				CLANG_WARN_BLOCK_CAPTURE_AUTORELEASING = YES;
				CLANG_WARN_BOOL_CONVERSION = YES;
				CLANG_WARN_COMMA = YES;
				CLANG_WARN_CONSTANT_CONVERSION = YES;
				CLANG_WARN_DEPRECATED_OBJC_IMPLEMENTATIONS = YES;
				CLANG_WARN_DIRECT_OBJC_ISA_USAGE = YES_ERROR;
				CLANG_WARN_DOCUMENTATION_COMMENTS = YES;
				CLANG_WARN_EMPTY_BODY = YES;
				CLANG_WARN_ENUM_CONVERSION = YES;
				CLANG_WARN_INFINITE_RECURSION = YES;
				CLANG_WARN_INT_CONVERSION = YES;
				CLANG_WARN_NON_LITERAL_NULL_CONVERSION = YES;
				CLANG_WARN_OBJC_IMPLICIT_RETAIN_SELF = YES;
				CLANG_WARN_OBJC_LITERAL_CONVERSION = YES;
				CLANG_WARN_OBJC_ROOT_CLASS = YES_ERROR;
				CLANG_WARN_QUOTED_INCLUDE_IN_FRAMEWORK_HEADER = YES;
				CLANG_WARN_RANGE_LOOP_ANALYSIS = YES;
				CLANG_WARN_STRICT_PROTOTYPES = YES;
				CLANG_WARN_SUSPICIOUS_MOVE = YES;
				CLANG_WARN_UNGUARDED_AVAILABILITY = YES_AGGRESSIVE;
				CLANG_WARN_UNREACHABLE_CODE = YES;
				CLANG_WARN__DUPLICATE_METHOD_MATCH = YES;
				COPY_PHASE_STRIP = NO;
				DEBUG_INFORMATION_FORMAT = dwarf;
				ENABLE_STRICT_OBJC_MSGSEND = YES;
				ENABLE_TESTABILITY = YES;
				GCC_C_LANGUAGE_STANDARD = gnu11;
				GCC_DYNAMIC_NO_PIC = NO;
				GCC_NO_COMMON_BLOCKS = YES;
				GCC_OPTIMIZATION_LEVEL = 0;
				GCC_PREPROCESSOR_DEFINITIONS = (
					"DEBUG=1",
					"$(inherited)",
				);
				GCC_WARN_64_TO_32_BIT_CONVERSION = YES;
				GCC_WARN_ABOUT_RETURN_TYPE = YES_ERROR;
				GCC_WARN_UNDECLARED_SELECTOR = YES;
				GCC_WARN_UNINITIALIZED_AUTOS = YES_AGGRESSIVE;
				GCC_WARN_UNUSED_FUNCTION = YES;
				GCC_WARN_UNUSED_VARIABLE = YES;
				IPHONEOS_DEPLOYMENT_TARGET = 14.4;
				MTL_ENABLE_DEBUG_INFO = INCLUDE_SOURCE;
				MTL_FAST_MATH = YES;
				ONLY_ACTIVE_ARCH = YES;
				SDKROOT = iphoneos;
			};
			name = Debug;
		};
		8622ACA125FF66890047AB11 /* Release */ = {
			isa = XCBuildConfiguration;
			buildSettings = {
				ALWAYS_SEARCH_USER_PATHS = NO;
				CLANG_ANALYZER_NONNULL = YES;
				CLANG_ANALYZER_NUMBER_OBJECT_CONVERSION = YES_AGGRESSIVE;
				CLANG_CXX_LANGUAGE_STANDARD = "gnu++14";
				CLANG_CXX_LIBRARY = "libc++";
				CLANG_ENABLE_MODULES = YES;
				CLANG_ENABLE_OBJC_ARC = YES;
				CLANG_ENABLE_OBJC_WEAK = YES;
				CLANG_WARN_BLOCK_CAPTURE_AUTORELEASING = YES;
				CLANG_WARN_BOOL_CONVERSION = YES;
				CLANG_WARN_COMMA = YES;
				CLANG_WARN_CONSTANT_CONVERSION = YES;
				CLANG_WARN_DEPRECATED_OBJC_IMPLEMENTATIONS = YES;
				CLANG_WARN_DIRECT_OBJC_ISA_USAGE = YES_ERROR;
				CLANG_WARN_DOCUMENTATION_COMMENTS = YES;
				CLANG_WARN_EMPTY_BODY = YES;
				CLANG_WARN_ENUM_CONVERSION = YES;
				CLANG_WARN_INFINITE_RECURSION = YES;
				CLANG_WARN_INT_CONVERSION = YES;
				CLANG_WARN_NON_LITERAL_NULL_CONVERSION = YES;
				CLANG_WARN_OBJC_IMPLICIT_RETAIN_SELF = YES;
				CLANG_WARN_OBJC_LITERAL_CONVERSION = YES;
				CLANG_WARN_OBJC_ROOT_CLASS = YES_ERROR;
				CLANG_WARN_QUOTED_INCLUDE_IN_FRAMEWORK_HEADER = YES;
				CLANG_WARN_RANGE_LOOP_ANALYSIS = YES;
				CLANG_WARN_STRICT_PROTOTYPES = YES;
				CLANG_WARN_SUSPICIOUS_MOVE = YES;
				CLANG_WARN_UNGUARDED_AVAILABILITY = YES_AGGRESSIVE;
				CLANG_WARN_UNREACHABLE_CODE = YES;
				CLANG_WARN__DUPLICATE_METHOD_MATCH = YES;
				COPY_PHASE_STRIP = NO;
				DEBUG_INFORMATION_FORMAT = "dwarf-with-dsym";
				ENABLE_NS_ASSERTIONS = NO;
				ENABLE_STRICT_OBJC_MSGSEND = YES;
				GCC_C_LANGUAGE_STANDARD = gnu11;
				GCC_NO_COMMON_BLOCKS = YES;
				GCC_WARN_64_TO_32_BIT_CONVERSION = YES;
				GCC_WARN_ABOUT_RETURN_TYPE = YES_ERROR;
				GCC_WARN_UNDECLARED_SELECTOR = YES;
				GCC_WARN_UNINITIALIZED_AUTOS = YES_AGGRESSIVE;
				GCC_WARN_UNUSED_FUNCTION = YES;
				GCC_WARN_UNUSED_VARIABLE = YES;
				IPHONEOS_DEPLOYMENT_TARGET = 14.4;
				MTL_ENABLE_DEBUG_INFO = NO;
				MTL_FAST_MATH = YES;
				SDKROOT = iphoneos;
				VALIDATE_PRODUCT = YES;
			};
			name = Release;
		};
		8622ACA325FF66890047AB11 /* Debug */ = {
			isa = XCBuildConfiguration;
			baseConfigurationReference = E395E8D73B5551E603A8AFC0 /* Pods-GPUImageDemo.debug.xcconfig */;
			buildSettings = {
				ASSETCATALOG_COMPILER_APPICON_NAME = AppIcon;
				ASSETCATALOG_COMPILER_GLOBAL_ACCENT_COLOR_NAME = AccentColor;
				CODE_SIGN_STYLE = Automatic;
				DEVELOPMENT_TEAM = 8GP2A47QW9;
				ENABLE_BITCODE = NO;
				INFOPLIST_FILE = GPUImageDemo/Info.plist;
				IPHONEOS_DEPLOYMENT_TARGET = 10.0;
				LD_RUNPATH_SEARCH_PATHS = (
					"$(inherited)",
					"@executable_path/Frameworks",
				);
				LIBRARY_SEARCH_PATHS = (
					"$(inherited)",
					"$(PROJECT_DIR)/GPUImageDemo/Video/Capture/libfaac/lib",
					"$(PROJECT_DIR)/GPUImageDemo/Video/Capture/lib/3th-party/libfaac/lib",
					"$(PROJECT_DIR)/GPUImageDemo/Video/Capture/lib/3th-party/libx264/lib",
					"$(PROJECT_DIR)/GPUImageDemo/Video/Capture/lib/3th-party/librtmp/lib",
				);
				PRODUCT_BUNDLE_IDENTIFIER = com.mobo.livewallpaperhd;
				PRODUCT_NAME = "$(TARGET_NAME)";
				TARGETED_DEVICE_FAMILY = 1;
			};
			name = Debug;
		};
		8622ACA425FF66890047AB11 /* Release */ = {
			isa = XCBuildConfiguration;
			baseConfigurationReference = 55B32804385010216EBACC50 /* Pods-GPUImageDemo.release.xcconfig */;
			buildSettings = {
				ASSETCATALOG_COMPILER_APPICON_NAME = AppIcon;
				ASSETCATALOG_COMPILER_GLOBAL_ACCENT_COLOR_NAME = AccentColor;
				CODE_SIGN_STYLE = Automatic;
				DEVELOPMENT_TEAM = 8GP2A47QW9;
				ENABLE_BITCODE = NO;
				INFOPLIST_FILE = GPUImageDemo/Info.plist;
				IPHONEOS_DEPLOYMENT_TARGET = 10.0;
				LD_RUNPATH_SEARCH_PATHS = (
					"$(inherited)",
					"@executable_path/Frameworks",
				);
				LIBRARY_SEARCH_PATHS = (
					"$(inherited)",
					"$(PROJECT_DIR)/GPUImageDemo/Video/Capture/libfaac/lib",
					"$(PROJECT_DIR)/GPUImageDemo/Video/Capture/lib/3th-party/libfaac/lib",
					"$(PROJECT_DIR)/GPUImageDemo/Video/Capture/lib/3th-party/libx264/lib",
					"$(PROJECT_DIR)/GPUImageDemo/Video/Capture/lib/3th-party/librtmp/lib",
				);
				PRODUCT_BUNDLE_IDENTIFIER = com.mobo.livewallpaperhd;
				PRODUCT_NAME = "$(TARGET_NAME)";
				TARGETED_DEVICE_FAMILY = 1;
			};
			name = Release;
		};
/* End XCBuildConfiguration section */

/* Begin XCConfigurationList section */
		8622AC8425FF66880047AB11 /* Build configuration list for PBXProject "GPUImageDemo" */ = {
			isa = XCConfigurationList;
			buildConfigurations = (
				8622ACA025FF66890047AB11 /* Debug */,
				8622ACA125FF66890047AB11 /* Release */,
			);
			defaultConfigurationIsVisible = 0;
			defaultConfigurationName = Release;
		};
		8622ACA225FF66890047AB11 /* Build configuration list for PBXNativeTarget "GPUImageDemo" */ = {
			isa = XCConfigurationList;
			buildConfigurations = (
				8622ACA325FF66890047AB11 /* Debug */,
				8622ACA425FF66890047AB11 /* Release */,
			);
			defaultConfigurationIsVisible = 0;
			defaultConfigurationName = Release;
		};
/* End XCConfigurationList section */
	};
	rootObject = 8622AC8125FF66880047AB11 /* Project object */;
}
